<?xml version="1.0" encoding="utf-8"?>
<Project ToolsVersion="4.0" xmlns="http://schemas.microsoft.com/developer/msbuild/2003">
  <ItemGroup>
    <Filter Include="Classes">
      <UniqueIdentifier>{fc5cb953-2953-4968-83b3-39e3ff951754}</UniqueIdentifier>
    </Filter>
    <Filter Include="win32">
      <UniqueIdentifier>{037a9a02-b906-4cc5-ad98-304acd4e25ee}</UniqueIdentifier>
    </Filter>
    <Filter Include="resource">
      <UniqueIdentifier>{2d1d0979-58cd-4ab6-b91c-13650158f1fa}</UniqueIdentifier>
    </Filter>
    <Filter Include="Classes\test">
      <UniqueIdentifier>{8ee372ad-b026-4092-b2aa-ffaef81b097f}</UniqueIdentifier>
    </Filter>
    <Filter Include="Classes\test\fgui">
      <UniqueIdentifier>{bb362d05-2748-4aa4-9e85-c7704f5fe4e9}</UniqueIdentifier>
    </Filter>
    <Filter Include="Classes\core">
      <UniqueIdentifier>{69e02b40-2b14-4b34-a946-af71feb6443a}</UniqueIdentifier>
    </Filter>
  </ItemGroup>
  <ItemGroup>
    <ClInclude Include="..\Classes\AppDelegate.h">
      <Filter>Classes</Filter>
    </ClInclude>
    <ClInclude Include="main.h">
      <Filter>win32</Filter>
    </ClInclude>
    <ClInclude Include="resource.h" />
    <ClInclude Include="SimulatorWin.h" />
    <ClInclude Include="stdafx.h">
      <Filter>win32</Filter>
    </ClInclude>
    <ClInclude Include="targetver.h">
      <Filter>win32</Filter>
    </ClInclude>
    <ClInclude Include="..\Classes\test\ImGuiScene.h">
      <Filter>Classes\test</Filter>
    </ClInclude>
    <ClInclude Include="..\Classes\test\fgui\BagScene.h">
      <Filter>Classes\test\fgui</Filter>
    </ClInclude>
    <ClInclude Include="..\Classes\test\fgui\BagWindow.h">
      <Filter>Classes\test\fgui</Filter>
    </ClInclude>
    <ClInclude Include="..\Classes\test\fgui\BasicsScene.h">
      <Filter>Classes\test\fgui</Filter>
    </ClInclude>
    <ClInclude Include="..\Classes\test\fgui\ChatScene.h">
      <Filter>Classes\test\fgui</Filter>
    </ClInclude>
    <ClInclude Include="..\Classes\test\fgui\CooldownScene.h">
      <Filter>Classes\test\fgui</Filter>
    </ClInclude>
    <ClInclude Include="..\Classes\test\fgui\DemoScene.h">
      <Filter>Classes\test\fgui</Filter>
    </ClInclude>
    <ClInclude Include="..\Classes\test\fgui\EmojiParser.h">
      <Filter>Classes\test\fgui</Filter>
    </ClInclude>
    <ClInclude Include="..\Classes\test\fgui\GuideScene.h">
      <Filter>Classes\test\fgui</Filter>
    </ClInclude>
    <ClInclude Include="..\Classes\test\fgui\HitTestScene.h">
      <Filter>Classes\test\fgui</Filter>
    </ClInclude>
    <ClInclude Include="..\Classes\test\fgui\JoystickModule.h">
      <Filter>Classes\test\fgui</Filter>
    </ClInclude>
    <ClInclude Include="..\Classes\test\fgui\JoystickScene.h">
      <Filter>Classes\test\fgui</Filter>
    </ClInclude>
    <ClInclude Include="..\Classes\test\fgui\ListEffectScene.h">
      <Filter>Classes\test\fgui</Filter>
    </ClInclude>
    <ClInclude Include="..\Classes\test\fgui\LoopListScene.h">
      <Filter>Classes\test\fgui</Filter>
    </ClInclude>
    <ClInclude Include="..\Classes\test\fgui\MailItem.h">
      <Filter>Classes\test\fgui</Filter>
    </ClInclude>
    <ClInclude Include="..\Classes\test\fgui\MenuScene.h">
      <Filter>Classes\test\fgui</Filter>
    </ClInclude>
    <ClInclude Include="..\Classes\test\fgui\ModalWaitingScene.h">
      <Filter>Classes\test\fgui</Filter>
    </ClInclude>
    <ClInclude Include="..\Classes\test\fgui\PullToRefreshScene.h">
      <Filter>Classes\test\fgui</Filter>
    </ClInclude>
    <ClInclude Include="..\Classes\test\fgui\ScrollPaneScene.h">
      <Filter>Classes\test\fgui</Filter>
    </ClInclude>
    <ClInclude Include="..\Classes\test\fgui\TransitionDemoScene.h">
      <Filter>Classes\test\fgui</Filter>
    </ClInclude>
    <ClInclude Include="..\Classes\test\fgui\TreeViewScene.h">
      <Filter>Classes\test\fgui</Filter>
    </ClInclude>
    <ClInclude Include="..\Classes\test\fgui\VirtualListScene.h">
      <Filter>Classes\test\fgui</Filter>
    </ClInclude>
    <ClInclude Include="..\Classes\test\fgui\Window1.h">
      <Filter>Classes\test\fgui</Filter>
    </ClInclude>
    <ClInclude Include="..\Classes\test\fgui\Window2.h">
      <Filter>Classes\test\fgui</Filter>
    </ClInclude>
    <ClInclude Include="..\Classes\core\GameScene.h">
      <Filter>Classes\core</Filter>
    </ClInclude>
    <ClInclude Include="..\Classes\core\RuntimeScene.h">
      <Filter>Classes\core</Filter>
    </ClInclude>
  </ItemGroup>
  <ItemGroup>
    <ClCompile Include="..\Classes\AppDelegate.cpp">
      <Filter>Classes</Filter>
    </ClCompile>
    <ClCompile Include="main.cpp">
      <Filter>win32</Filter>
    </ClCompile>
    <ClCompile Include="SimulatorWin.cpp" />
    <ClCompile Include="stdafx.cpp">
      <Filter>win32</Filter>
    </ClCompile>
    <ClCompile Include="..\Classes\test\ImGuiScene.cpp">
      <Filter>Classes\test</Filter>
    </ClCompile>
    <ClCompile Include="..\Classes\test\fgui\BagScene.cpp">
      <Filter>Classes\test\fgui</Filter>
    </ClCompile>
    <ClCompile Include="..\Classes\test\fgui\BagWindow.cpp">
      <Filter>Classes\test\fgui</Filter>
    </ClCompile>
    <ClCompile Include="..\Classes\test\fgui\BasicsScene.cpp">
      <Filter>Classes\test\fgui</Filter>
    </ClCompile>
    <ClCompile Include="..\Classes\test\fgui\ChatScene.cpp">
      <Filter>Classes\test\fgui</Filter>
    </ClCompile>
    <ClCompile Include="..\Classes\test\fgui\CooldownScene.cpp">
      <Filter>Classes\test\fgui</Filter>
    </ClCompile>
    <ClCompile Include="..\Classes\test\fgui\DemoScene.cpp">
      <Filter>Classes\test\fgui</Filter>
    </ClCompile>
    <ClCompile Include="..\Classes\test\fgui\EmojiParser.cpp">
      <Filter>Classes\test\fgui</Filter>
    </ClCompile>
    <ClCompile Include="..\Classes\test\fgui\GuideScene.cpp">
      <Filter>Classes\test\fgui</Filter>
    </ClCompile>
    <ClCompile Include="..\Classes\test\fgui\HitTestScene.cpp">
      <Filter>Classes\test\fgui</Filter>
    </ClCompile>
    <ClCompile Include="..\Classes\test\fgui\JoystickModule.cpp">
      <Filter>Classes\test\fgui</Filter>
    </ClCompile>
    <ClCompile Include="..\Classes\test\fgui\JoystickScene.cpp">
      <Filter>Classes\test\fgui</Filter>
    </ClCompile>
    <ClCompile Include="..\Classes\test\fgui\ListEffectScene.cpp">
      <Filter>Classes\test\fgui</Filter>
    </ClCompile>
    <ClCompile Include="..\Classes\test\fgui\LoopListScene.cpp">
      <Filter>Classes\test\fgui</Filter>
    </ClCompile>
    <ClCompile Include="..\Classes\test\fgui\MailItem.cpp">
      <Filter>Classes\test\fgui</Filter>
    </ClCompile>
    <ClCompile Include="..\Classes\test\fgui\MenuScene.cpp">
      <Filter>Classes\test\fgui</Filter>
    </ClCompile>
    <ClCompile Include="..\Classes\test\fgui\ModalWaitingScene.cpp">
      <Filter>Classes\test\fgui</Filter>
    </ClCompile>
    <ClCompile Include="..\Classes\test\fgui\PullToRefreshScene.cpp">
      <Filter>Classes\test\fgui</Filter>
    </ClCompile>
    <ClCompile Include="..\Classes\test\fgui\ScrollPaneScene.cpp">
      <Filter>Classes\test\fgui</Filter>
    </ClCompile>
    <ClCompile Include="..\Classes\test\fgui\TransitionDemoScene.cpp">
      <Filter>Classes\test\fgui</Filter>
    </ClCompile>
    <ClCompile Include="..\Classes\test\fgui\TreeViewScene.cpp">
      <Filter>Classes\test\fgui</Filter>
    </ClCompile>
    <ClCompile Include="..\Classes\test\fgui\VirtualListScene.cpp">
      <Filter>Classes\test\fgui</Filter>
    </ClCompile>
    <ClCompile Include="..\Classes\test\fgui\Window1.cpp">
      <Filter>Classes\test\fgui</Filter>
    </ClCompile>
    <ClCompile Include="..\Classes\test\fgui\Window2.cpp">
      <Filter>Classes\test\fgui</Filter>
    </ClCompile>
    <ClCompile Include="..\Classes\core\GameScene.cpp">
      <Filter>Classes\core</Filter>
    </ClCompile>
    <ClCompile Include="..\Classes\core\RuntimeScene.cpp">
      <Filter>Classes\core</Filter>
    </ClCompile>
  </ItemGroup>
  <ItemGroup>
    <ResourceCompile Include="game.rc">
      <Filter>resource</Filter>
    </ResourceCompile>
  </ItemGroup>
  <ItemGroup>
    <Image Include="res\game.ico" />
  </ItemGroup>
</Project>